
Microsoft Visual Studio Solution File, Format Version 12.00
# Visual Studio Version 17
VisualStudioVersion = 17.8.34511.84
MinimumVisualStudioVersion = 10.0.40219.1
Project("{2150E333-8FDC-42A3-9474-1A3956D46DE8}") = "src", "src", "{CA9AC87F-097E-4F15-8393-4BC07735A5B0}"
EndProject
Project("{2150E333-8FDC-42A3-9474-1A3956D46DE8}") = "test", "test", "{04DBDB01-70F4-4E06-B468-8F87850B22BE}"
EndProject
Project("{2150E333-8FDC-42A3-9474-1A3956D46DE8}") = "Solution Items", "Solution Items", "{6AC61297-9006-49AD-B931-51A511404DDB}"
	ProjectSection(SolutionItems) = preProject
		README.md = README.md
	EndProjectSection
EndProject
Project("{9A19103F-16F7-4668-BE54-9A1E7A4F7556}") = "OMS_Abp.Application", "src\OMS_Abp.Application\OMS_Abp.Application.csproj", "{BDF1E7AC-D6FC-4E69-9593-7C3AF819AD79}"
EndProject
Project("{9A19103F-16F7-4668-BE54-9A1E7A4F7556}") = "OMS_Abp.Application.Contracts", "src\OMS_Abp.Application.Contracts\OMS_Abp.Application.Contracts.csproj", "{6637DAA0-769B-4F4C-BB0F-794EB8F7F282}"
EndProject
Project("{9A19103F-16F7-4668-BE54-9A1E7A4F7556}") = "OMS_Abp.Domain", "src\OMS_Abp.Domain\OMS_Abp.Domain.csproj", "{06D8B32C-C909-4543-8279-5C8DB7A364C2}"
EndProject
Project("{9A19103F-16F7-4668-BE54-9A1E7A4F7556}") = "OMS_Abp.EntityFrameworkCore", "src\OMS_Abp.EntityFrameworkCore\OMS_Abp.EntityFrameworkCore.csproj", "{E0FD27C6-5A3F-4D38-B7E6-593ABA4DA9AB}"
EndProject
Project("{9A19103F-16F7-4668-BE54-9A1E7A4F7556}") = "OMS_Abp.HttpApi", "src\OMS_Abp.HttpApi\OMS_Abp.HttpApi.csproj", "{AB285B9B-0A13-4213-B289-3493E2C6B941}"
EndProject
Project("{9A19103F-16F7-4668-BE54-9A1E7A4F7556}") = "OMS_Abp.Web", "src\OMS_Abp.Web\OMS_Abp.Web.csproj", "{BAA6A957-EDE5-45A4-9C65-1F05AE9B800F}"
EndProject
Project("{9A19103F-16F7-4668-BE54-9A1E7A4F7556}") = "OMS_Abp.DbMigrator", "src\OMS_Abp.DbMigrator\OMS_Abp.DbMigrator.csproj", "{2D4323A3-F696-4762-8E54-2A239CCB2085}"
EndProject
Project("{9A19103F-16F7-4668-BE54-9A1E7A4F7556}") = "OMS_Abp.Domain.Shared", "src\OMS_Abp.Domain.Shared\OMS_Abp.Domain.Shared.csproj", "{C652AB06-B98C-43FF-93FD-91BF302B714B}"
EndProject
Project("{9A19103F-16F7-4668-BE54-9A1E7A4F7556}") = "OMS_Abp.HttpApi.Client", "src\OMS_Abp.HttpApi.Client\OMS_Abp.HttpApi.Client.csproj", "{441D6FA4-1AB0-414D-8D93-91DBD564AADF}"
EndProject
Project("{9A19103F-16F7-4668-BE54-9A1E7A4F7556}") = "OMS_Abp.Application.Tests", "test\OMS_Abp.Application.Tests\OMS_Abp.Application.Tests.csproj", "{A3EC66B7-FA5F-4A96-88E5-2E96C584CCE8}"
EndProject
Project("{9A19103F-16F7-4668-BE54-9A1E7A4F7556}") = "OMS_Abp.Domain.Tests", "test\OMS_Abp.Domain.Tests\OMS_Abp.Domain.Tests.csproj", "{73C0BC01-722E-4435-AD49-C8B5AB655473}"
EndProject
Project("{9A19103F-16F7-4668-BE54-9A1E7A4F7556}") = "OMS_Abp.EntityFrameworkCore.Tests", "test\OMS_Abp.EntityFrameworkCore.Tests\OMS_Abp.EntityFrameworkCore.Tests.csproj", "{6F687FFC-AC10-4DB5-93A0-D5A9F12D6EC2}"
EndProject
Project("{9A19103F-16F7-4668-BE54-9A1E7A4F7556}") = "OMS_Abp.HttpApi.Client.ConsoleTestApp", "test\OMS_Abp.HttpApi.Client.ConsoleTestApp\OMS_Abp.HttpApi.Client.ConsoleTestApp.csproj", "{D85D2E58-3CE3-42D0-B67D-453A899A3837}"
EndProject
Project("{9A19103F-16F7-4668-BE54-9A1E7A4F7556}") = "OMS_Abp.TestBase", "test\OMS_Abp.TestBase\OMS_Abp.TestBase.csproj", "{4D5312D8-B452-4615-9FE5-A8064BBB3FF2}"
EndProject
Project("{9A19103F-16F7-4668-BE54-9A1E7A4F7556}") = "OMS_Abp.Web.Tests", "test\OMS_Abp.Web.Tests\OMS_Abp.Web.Tests.csproj", "{86D5899F-E9F2-40D4-B537-8B034BBF735F}"
EndProject
Global
	GlobalSection(SolutionConfigurationPlatforms) = preSolution
		Debug|Any CPU = Debug|Any CPU
		Release|Any CPU = Release|Any CPU
	EndGlobalSection
	GlobalSection(ProjectConfigurationPlatforms) = postSolution
		{BDF1E7AC-D6FC-4E69-9593-7C3AF819AD79}.Debug|Any CPU.ActiveCfg = Debug|Any CPU
		{BDF1E7AC-D6FC-4E69-9593-7C3AF819AD79}.Debug|Any CPU.Build.0 = Debug|Any CPU
		{BDF1E7AC-D6FC-4E69-9593-7C3AF819AD79}.Release|Any CPU.ActiveCfg = Release|Any CPU
		{BDF1E7AC-D6FC-4E69-9593-7C3AF819AD79}.Release|Any CPU.Build.0 = Release|Any CPU
		{6637DAA0-769B-4F4C-BB0F-794EB8F7F282}.Debug|Any CPU.ActiveCfg = Debug|Any CPU
		{6637DAA0-769B-4F4C-BB0F-794EB8F7F282}.Debug|Any CPU.Build.0 = Debug|Any CPU
		{6637DAA0-769B-4F4C-BB0F-794EB8F7F282}.Release|Any CPU.ActiveCfg = Release|Any CPU
		{6637DAA0-769B-4F4C-BB0F-794EB8F7F282}.Release|Any CPU.Build.0 = Release|Any CPU
		{06D8B32C-C909-4543-8279-5C8DB7A364C2}.Debug|Any CPU.ActiveCfg = Debug|Any CPU
		{06D8B32C-C909-4543-8279-5C8DB7A364C2}.Debug|Any CPU.Build.0 = Debug|Any CPU
		{06D8B32C-C909-4543-8279-5C8DB7A364C2}.Release|Any CPU.ActiveCfg = Release|Any CPU
		{06D8B32C-C909-4543-8279-5C8DB7A364C2}.Release|Any CPU.Build.0 = Release|Any CPU
		{E0FD27C6-5A3F-4D38-B7E6-593ABA4DA9AB}.Debug|Any CPU.ActiveCfg = Debug|Any CPU
		{E0FD27C6-5A3F-4D38-B7E6-593ABA4DA9AB}.Debug|Any CPU.Build.0 = Debug|Any CPU
		{E0FD27C6-5A3F-4D38-B7E6-593ABA4DA9AB}.Release|Any CPU.ActiveCfg = Release|Any CPU
		{E0FD27C6-5A3F-4D38-B7E6-593ABA4DA9AB}.Release|Any CPU.Build.0 = Release|Any CPU
		{AB285B9B-0A13-4213-B289-3493E2C6B941}.Debug|Any CPU.ActiveCfg = Debug|Any CPU
		{AB285B9B-0A13-4213-B289-3493E2C6B941}.Debug|Any CPU.Build.0 = Debug|Any CPU
		{AB285B9B-0A13-4213-B289-3493E2C6B941}.Release|Any CPU.ActiveCfg = Release|Any CPU
		{AB285B9B-0A13-4213-B289-3493E2C6B941}.Release|Any CPU.Build.0 = Release|Any CPU
		{BAA6A957-EDE5-45A4-9C65-1F05AE9B800F}.Debug|Any CPU.ActiveCfg = Debug|Any CPU
		{BAA6A957-EDE5-45A4-9C65-1F05AE9B800F}.Debug|Any CPU.Build.0 = Debug|Any CPU
		{BAA6A957-EDE5-45A4-9C65-1F05AE9B800F}.Release|Any CPU.ActiveCfg = Release|Any CPU
		{BAA6A957-EDE5-45A4-9C65-1F05AE9B800F}.Release|Any CPU.Build.0 = Release|Any CPU
		{2D4323A3-F696-4762-8E54-2A239CCB2085}.Debug|Any CPU.ActiveCfg = Debug|Any CPU
		{2D4323A3-F696-4762-8E54-2A239CCB2085}.Debug|Any CPU.Build.0 = Debug|Any CPU
		{2D4323A3-F696-4762-8E54-2A239CCB2085}.Release|Any CPU.ActiveCfg = Release|Any CPU
		{2D4323A3-F696-4762-8E54-2A239CCB2085}.Release|Any CPU.Build.0 = Release|Any CPU
		{C652AB06-B98C-43FF-93FD-91BF302B714B}.Debug|Any CPU.ActiveCfg = Debug|Any CPU
		{C652AB06-B98C-43FF-93FD-91BF302B714B}.Debug|Any CPU.Build.0 = Debug|Any CPU
		{C652AB06-B98C-43FF-93FD-91BF302B714B}.Release|Any CPU.ActiveCfg = Release|Any CPU
		{C652AB06-B98C-43FF-93FD-91BF302B714B}.Release|Any CPU.Build.0 = Release|Any CPU
		{441D6FA4-1AB0-414D-8D93-91DBD564AADF}.Debug|Any CPU.ActiveCfg = Debug|Any CPU
		{441D6FA4-1AB0-414D-8D93-91DBD564AADF}.Debug|Any CPU.Build.0 = Debug|Any CPU
		{441D6FA4-1AB0-414D-8D93-91DBD564AADF}.Release|Any CPU.ActiveCfg = Release|Any CPU
		{441D6FA4-1AB0-414D-8D93-91DBD564AADF}.Release|Any CPU.Build.0 = Release|Any CPU
		{A3EC66B7-FA5F-4A96-88E5-2E96C584CCE8}.Debug|Any CPU.ActiveCfg = Debug|Any CPU
		{A3EC66B7-FA5F-4A96-88E5-2E96C584CCE8}.Debug|Any CPU.Build.0 = Debug|Any CPU
		{A3EC66B7-FA5F-4A96-88E5-2E96C584CCE8}.Release|Any CPU.ActiveCfg = Release|Any CPU
		{A3EC66B7-FA5F-4A96-88E5-2E96C584CCE8}.Release|Any CPU.Build.0 = Release|Any CPU
		{73C0BC01-722E-4435-AD49-C8B5AB655473}.Debug|Any CPU.ActiveCfg = Debug|Any CPU
		{73C0BC01-722E-4435-AD49-C8B5AB655473}.Debug|Any CPU.Build.0 = Debug|Any CPU
		{73C0BC01-722E-4435-AD49-C8B5AB655473}.Release|Any CPU.ActiveCfg = Release|Any CPU
		{73C0BC01-722E-4435-AD49-C8B5AB655473}.Release|Any CPU.Build.0 = Release|Any CPU
		{6F687FFC-AC10-4DB5-93A0-D5A9F12D6EC2}.Debug|Any CPU.ActiveCfg = Debug|Any CPU
		{6F687FFC-AC10-4DB5-93A0-D5A9F12D6EC2}.Debug|Any CPU.Build.0 = Debug|Any CPU
		{6F687FFC-AC10-4DB5-93A0-D5A9F12D6EC2}.Release|Any CPU.ActiveCfg = Release|Any CPU
		{6F687FFC-AC10-4DB5-93A0-D5A9F12D6EC2}.Release|Any CPU.Build.0 = Release|Any CPU
		{D85D2E58-3CE3-42D0-B67D-453A899A3837}.Debug|Any CPU.ActiveCfg = Debug|Any CPU
		{D85D2E58-3CE3-42D0-B67D-453A899A3837}.Debug|Any CPU.Build.0 = Debug|Any CPU
		{D85D2E58-3CE3-42D0-B67D-453A899A3837}.Release|Any CPU.ActiveCfg = Release|Any CPU
		{D85D2E58-3CE3-42D0-B67D-453A899A3837}.Release|Any CPU.Build.0 = Release|Any CPU
		{4D5312D8-B452-4615-9FE5-A8064BBB3FF2}.Debug|Any CPU.ActiveCfg = Debug|Any CPU
		{4D5312D8-B452-4615-9FE5-A8064BBB3FF2}.Debug|Any CPU.Build.0 = Debug|Any CPU
		{4D5312D8-B452-4615-9FE5-A8064BBB3FF2}.Release|Any CPU.ActiveCfg = Release|Any CPU
		{4D5312D8-B452-4615-9FE5-A8064BBB3FF2}.Release|Any CPU.Build.0 = Release|Any CPU
		{86D5899F-E9F2-40D4-B537-8B034BBF735F}.Debug|Any CPU.ActiveCfg = Debug|Any CPU
		{86D5899F-E9F2-40D4-B537-8B034BBF735F}.Debug|Any CPU.Build.0 = Debug|Any CPU
		{86D5899F-E9F2-40D4-B537-8B034BBF735F}.Release|Any CPU.ActiveCfg = Release|Any CPU
		{86D5899F-E9F2-40D4-B537-8B034BBF735F}.Release|Any CPU.Build.0 = Release|Any CPU
	EndGlobalSection
	GlobalSection(SolutionProperties) = preSolution
		HideSolutionNode = FALSE
	EndGlobalSection
	GlobalSection(NestedProjects) = preSolution
		{BDF1E7AC-D6FC-4E69-9593-7C3AF819AD79} = {CA9AC87F-097E-4F15-8393-4BC07735A5B0}
		{6637DAA0-769B-4F4C-BB0F-794EB8F7F282} = {CA9AC87F-097E-4F15-8393-4BC07735A5B0}
		{06D8B32C-C909-4543-8279-5C8DB7A364C2} = {CA9AC87F-097E-4F15-8393-4BC07735A5B0}
		{E0FD27C6-5A3F-4D38-B7E6-593ABA4DA9AB} = {CA9AC87F-097E-4F15-8393-4BC07735A5B0}
		{AB285B9B-0A13-4213-B289-3493E2C6B941} = {CA9AC87F-097E-4F15-8393-4BC07735A5B0}
		{BAA6A957-EDE5-45A4-9C65-1F05AE9B800F} = {CA9AC87F-097E-4F15-8393-4BC07735A5B0}
		{2D4323A3-F696-4762-8E54-2A239CCB2085} = {CA9AC87F-097E-4F15-8393-4BC07735A5B0}
		{C652AB06-B98C-43FF-93FD-91BF302B714B} = {CA9AC87F-097E-4F15-8393-4BC07735A5B0}
		{441D6FA4-1AB0-414D-8D93-91DBD564AADF} = {CA9AC87F-097E-4F15-8393-4BC07735A5B0}
		{A3EC66B7-FA5F-4A96-88E5-2E96C584CCE8} = {04DBDB01-70F4-4E06-B468-8F87850B22BE}
		{73C0BC01-722E-4435-AD49-C8B5AB655473} = {04DBDB01-70F4-4E06-B468-8F87850B22BE}
		{6F687FFC-AC10-4DB5-93A0-D5A9F12D6EC2} = {04DBDB01-70F4-4E06-B468-8F87850B22BE}
		{D85D2E58-3CE3-42D0-B67D-453A899A3837} = {04DBDB01-70F4-4E06-B468-8F87850B22BE}
		{4D5312D8-B452-4615-9FE5-A8064BBB3FF2} = {04DBDB01-70F4-4E06-B468-8F87850B22BE}
		{86D5899F-E9F2-40D4-B537-8B034BBF735F} = {04DBDB01-70F4-4E06-B468-8F87850B22BE}
	EndGlobalSection
	GlobalSection(ExtensibilityGlobals) = postSolution
		SolutionGuid = {28315BFD-90E7-4E14-A2EA-F3D23AF4126F}
	EndGlobalSection
EndGlobal
