
Microsoft Visual Studio Solution File, Format Version 12.00
# Visual Studio Version 17
VisualStudioVersion = 17.8.34511.84
MinimumVisualStudioVersion = 10.0.40219.1
Project("{9A19103F-16F7-4668-BE54-9A1E7A4F7556}") = "OMS_Demo_Sample.Domain", "src\OMS_Demo_Sample.Domain\OMS_Demo_Sample.Domain.csproj", "{554AD327-6DBA-4F8F-96F8-81CE7A0C863F}"
EndProject
Project("{9A19103F-16F7-4668-BE54-9A1E7A4F7556}") = "OMS_Demo_Sample.Application", "src\OMS_Demo_Sample.Application\OMS_Demo_Sample.Application.csproj", "{1A94A50E-06DC-43C1-80B5-B662820EC3EB}"
EndProject
Project("{9A19103F-16F7-4668-BE54-9A1E7A4F7556}") = "OMS_Demo_Sample.EntityFrameworkCore", "src\OMS_Demo_Sample.EntityFrameworkCore\OMS_Demo_Sample.EntityFrameworkCore.csproj", "{C956DD76-69C8-4A9C-83EA-D17DF83340FD}"
EndProject
Project("{9A19103F-16F7-4668-BE54-9A1E7A4F7556}") = "OMS_Demo_Sample.Web", "src\OMS_Demo_Sample.Web\OMS_Demo_Sample.Web.csproj", "{068855E8-9240-4F1A-910B-CF825794513B}"
EndProject
Project("{2150E333-8FDC-42A3-9474-1A3956D46DE8}") = "src", "src", "{CA9AC87F-097E-4F15-8393-4BC07735A5B0}"
EndProject
Project("{2150E333-8FDC-42A3-9474-1A3956D46DE8}") = "test", "test", "{04DBDB01-70F4-4E06-B468-8F87850B22BE}"
EndProject
Project("{9A19103F-16F7-4668-BE54-9A1E7A4F7556}") = "OMS_Demo_Sample.Application.Tests", "test\OMS_Demo_Sample.Application.Tests\OMS_Demo_Sample.Application.Tests.csproj", "{50B2631D-129C-47B3-A587-029CCD6099BC}"
EndProject
Project("{9A19103F-16F7-4668-BE54-9A1E7A4F7556}") = "OMS_Demo_Sample.Web.Tests", "test\OMS_Demo_Sample.Web.Tests\OMS_Demo_Sample.Web.Tests.csproj", "{5F1B28C6-8D0C-4155-92D0-252F7EA5F674}"
EndProject
Project("{9A19103F-16F7-4668-BE54-9A1E7A4F7556}") = "OMS_Demo_Sample.Domain.Shared", "src\OMS_Demo_Sample.Domain.Shared\OMS_Demo_Sample.Domain.Shared.csproj", "{42F719ED-8413-4895-B5B4-5AB56079BC66}"
EndProject
Project("{9A19103F-16F7-4668-BE54-9A1E7A4F7556}") = "OMS_Demo_Sample.Application.Contracts", "src\OMS_Demo_Sample.Application.Contracts\OMS_Demo_Sample.Application.Contracts.csproj", "{520659C8-C734-4298-A3DA-B539DB9DFC0B}"
EndProject
Project("{9A19103F-16F7-4668-BE54-9A1E7A4F7556}") = "OMS_Demo_Sample.HttpApi", "src\OMS_Demo_Sample.HttpApi\OMS_Demo_Sample.HttpApi.csproj", "{4164BDF7-F527-4E85-9CE6-E3C2D7426A27}"
EndProject
Project("{9A19103F-16F7-4668-BE54-9A1E7A4F7556}") = "OMS_Demo_Sample.HttpApi.Client", "src\OMS_Demo_Sample.HttpApi.Client\OMS_Demo_Sample.HttpApi.Client.csproj", "{3B5A0094-670D-4BB1-BFDD-61B88A8773DC}"
EndProject
Project("{9A19103F-16F7-4668-BE54-9A1E7A4F7556}") = "OMS_Demo_Sample.EntityFrameworkCore.Tests", "test\OMS_Demo_Sample.EntityFrameworkCore.Tests\OMS_Demo_Sample.EntityFrameworkCore.Tests.csproj", "{1FE30EB9-74A9-47F5-A9F6-7B1FAB672D81}"
EndProject
Project("{9A19103F-16F7-4668-BE54-9A1E7A4F7556}") = "OMS_Demo_Sample.TestBase", "test\OMS_Demo_Sample.TestBase\OMS_Demo_Sample.TestBase.csproj", "{91853F21-9CD9-4132-BC29-A7D5D84FFFE7}"
EndProject
Project("{9A19103F-16F7-4668-BE54-9A1E7A4F7556}") = "OMS_Demo_Sample.Domain.Tests", "test\OMS_Demo_Sample.Domain.Tests\OMS_Demo_Sample.Domain.Tests.csproj", "{E512F4D9-9375-480F-A2F6-A46509F9D824}"
EndProject
Project("{9A19103F-16F7-4668-BE54-9A1E7A4F7556}") = "OMS_Demo_Sample.HttpApi.Client.ConsoleTestApp", "test\OMS_Demo_Sample.HttpApi.Client.ConsoleTestApp\OMS_Demo_Sample.HttpApi.Client.ConsoleTestApp.csproj", "{EF480016-9127-4916-8735-D2466BDBC582}"
EndProject
Project("{9A19103F-16F7-4668-BE54-9A1E7A4F7556}") = "OMS_Demo_Sample.DbMigrator", "src\OMS_Demo_Sample.DbMigrator\OMS_Demo_Sample.DbMigrator.csproj", "{AA94D832-1CCC-4715-95A9-A483F23A1A5D}"
EndProject
Project("{2150E333-8FDC-42A3-9474-1A3956D46DE8}") = "Solution Items", "Solution Items", "{6AC61297-9006-49AD-B931-51A511404DDB}"
	ProjectSection(SolutionItems) = preProject
		README.md = README.md
	EndProjectSection
EndProject
Global
	GlobalSection(SolutionConfigurationPlatforms) = preSolution
		Debug|Any CPU = Debug|Any CPU
		Release|Any CPU = Release|Any CPU
	EndGlobalSection
	GlobalSection(ProjectConfigurationPlatforms) = postSolution
		{554AD327-6DBA-4F8F-96F8-81CE7A0C863F}.Debug|Any CPU.ActiveCfg = Debug|Any CPU
		{554AD327-6DBA-4F8F-96F8-81CE7A0C863F}.Debug|Any CPU.Build.0 = Debug|Any CPU
		{554AD327-6DBA-4F8F-96F8-81CE7A0C863F}.Release|Any CPU.ActiveCfg = Release|Any CPU
		{554AD327-6DBA-4F8F-96F8-81CE7A0C863F}.Release|Any CPU.Build.0 = Release|Any CPU
		{1A94A50E-06DC-43C1-80B5-B662820EC3EB}.Debug|Any CPU.ActiveCfg = Debug|Any CPU
		{1A94A50E-06DC-43C1-80B5-B662820EC3EB}.Debug|Any CPU.Build.0 = Debug|Any CPU
		{1A94A50E-06DC-43C1-80B5-B662820EC3EB}.Release|Any CPU.ActiveCfg = Release|Any CPU
		{1A94A50E-06DC-43C1-80B5-B662820EC3EB}.Release|Any CPU.Build.0 = Release|Any CPU
		{C956DD76-69C8-4A9C-83EA-D17DF83340FD}.Debug|Any CPU.ActiveCfg = Debug|Any CPU
		{C956DD76-69C8-4A9C-83EA-D17DF83340FD}.Debug|Any CPU.Build.0 = Debug|Any CPU
		{C956DD76-69C8-4A9C-83EA-D17DF83340FD}.Release|Any CPU.ActiveCfg = Release|Any CPU
		{C956DD76-69C8-4A9C-83EA-D17DF83340FD}.Release|Any CPU.Build.0 = Release|Any CPU
		{068855E8-9240-4F1A-910B-CF825794513B}.Debug|Any CPU.ActiveCfg = Debug|Any CPU
		{068855E8-9240-4F1A-910B-CF825794513B}.Debug|Any CPU.Build.0 = Debug|Any CPU
		{068855E8-9240-4F1A-910B-CF825794513B}.Release|Any CPU.ActiveCfg = Release|Any CPU
		{068855E8-9240-4F1A-910B-CF825794513B}.Release|Any CPU.Build.0 = Release|Any CPU
		{50B2631D-129C-47B3-A587-029CCD6099BC}.Debug|Any CPU.ActiveCfg = Debug|Any CPU
		{50B2631D-129C-47B3-A587-029CCD6099BC}.Debug|Any CPU.Build.0 = Debug|Any CPU
		{50B2631D-129C-47B3-A587-029CCD6099BC}.Release|Any CPU.ActiveCfg = Release|Any CPU
		{50B2631D-129C-47B3-A587-029CCD6099BC}.Release|Any CPU.Build.0 = Release|Any CPU
		{5F1B28C6-8D0C-4155-92D0-252F7EA5F674}.Debug|Any CPU.ActiveCfg = Debug|Any CPU
		{5F1B28C6-8D0C-4155-92D0-252F7EA5F674}.Debug|Any CPU.Build.0 = Debug|Any CPU
		{5F1B28C6-8D0C-4155-92D0-252F7EA5F674}.Release|Any CPU.ActiveCfg = Release|Any CPU
		{5F1B28C6-8D0C-4155-92D0-252F7EA5F674}.Release|Any CPU.Build.0 = Release|Any CPU
		{42F719ED-8413-4895-B5B4-5AB56079BC66}.Debug|Any CPU.ActiveCfg = Debug|Any CPU
		{42F719ED-8413-4895-B5B4-5AB56079BC66}.Debug|Any CPU.Build.0 = Debug|Any CPU
		{42F719ED-8413-4895-B5B4-5AB56079BC66}.Release|Any CPU.ActiveCfg = Release|Any CPU
		{42F719ED-8413-4895-B5B4-5AB56079BC66}.Release|Any CPU.Build.0 = Release|Any CPU
		{520659C8-C734-4298-A3DA-B539DB9DFC0B}.Debug|Any CPU.ActiveCfg = Debug|Any CPU
		{520659C8-C734-4298-A3DA-B539DB9DFC0B}.Debug|Any CPU.Build.0 = Debug|Any CPU
		{520659C8-C734-4298-A3DA-B539DB9DFC0B}.Release|Any CPU.ActiveCfg = Release|Any CPU
		{520659C8-C734-4298-A3DA-B539DB9DFC0B}.Release|Any CPU.Build.0 = Release|Any CPU
		{4164BDF7-F527-4E85-9CE6-E3C2D7426A27}.Debug|Any CPU.ActiveCfg = Debug|Any CPU
		{4164BDF7-F527-4E85-9CE6-E3C2D7426A27}.Debug|Any CPU.Build.0 = Debug|Any CPU
		{4164BDF7-F527-4E85-9CE6-E3C2D7426A27}.Release|Any CPU.ActiveCfg = Release|Any CPU
		{4164BDF7-F527-4E85-9CE6-E3C2D7426A27}.Release|Any CPU.Build.0 = Release|Any CPU
		{3B5A0094-670D-4BB1-BFDD-61B88A8773DC}.Debug|Any CPU.ActiveCfg = Debug|Any CPU
		{3B5A0094-670D-4BB1-BFDD-61B88A8773DC}.Debug|Any CPU.Build.0 = Debug|Any CPU
		{3B5A0094-670D-4BB1-BFDD-61B88A8773DC}.Release|Any CPU.ActiveCfg = Release|Any CPU
		{3B5A0094-670D-4BB1-BFDD-61B88A8773DC}.Release|Any CPU.Build.0 = Release|Any CPU
		{1FE30EB9-74A9-47F5-A9F6-7B1FAB672D81}.Debug|Any CPU.ActiveCfg = Debug|Any CPU
		{1FE30EB9-74A9-47F5-A9F6-7B1FAB672D81}.Debug|Any CPU.Build.0 = Debug|Any CPU
		{1FE30EB9-74A9-47F5-A9F6-7B1FAB672D81}.Release|Any CPU.ActiveCfg = Release|Any CPU
		{1FE30EB9-74A9-47F5-A9F6-7B1FAB672D81}.Release|Any CPU.Build.0 = Release|Any CPU
		{91853F21-9CD9-4132-BC29-A7D5D84FFFE7}.Debug|Any CPU.ActiveCfg = Debug|Any CPU
		{91853F21-9CD9-4132-BC29-A7D5D84FFFE7}.Debug|Any CPU.Build.0 = Debug|Any CPU
		{91853F21-9CD9-4132-BC29-A7D5D84FFFE7}.Release|Any CPU.ActiveCfg = Release|Any CPU
		{91853F21-9CD9-4132-BC29-A7D5D84FFFE7}.Release|Any CPU.Build.0 = Release|Any CPU
		{E512F4D9-9375-480F-A2F6-A46509F9D824}.Debug|Any CPU.ActiveCfg = Debug|Any CPU
		{E512F4D9-9375-480F-A2F6-A46509F9D824}.Debug|Any CPU.Build.0 = Debug|Any CPU
		{E512F4D9-9375-480F-A2F6-A46509F9D824}.Release|Any CPU.ActiveCfg = Release|Any CPU
		{E512F4D9-9375-480F-A2F6-A46509F9D824}.Release|Any CPU.Build.0 = Release|Any CPU
		{EF480016-9127-4916-8735-D2466BDBC582}.Debug|Any CPU.ActiveCfg = Debug|Any CPU
		{EF480016-9127-4916-8735-D2466BDBC582}.Debug|Any CPU.Build.0 = Debug|Any CPU
		{EF480016-9127-4916-8735-D2466BDBC582}.Release|Any CPU.ActiveCfg = Release|Any CPU
		{EF480016-9127-4916-8735-D2466BDBC582}.Release|Any CPU.Build.0 = Release|Any CPU
		{AA94D832-1CCC-4715-95A9-A483F23A1A5D}.Debug|Any CPU.ActiveCfg = Debug|Any CPU
		{AA94D832-1CCC-4715-95A9-A483F23A1A5D}.Debug|Any CPU.Build.0 = Debug|Any CPU
		{AA94D832-1CCC-4715-95A9-A483F23A1A5D}.Release|Any CPU.ActiveCfg = Release|Any CPU
		{AA94D832-1CCC-4715-95A9-A483F23A1A5D}.Release|Any CPU.Build.0 = Release|Any CPU
	EndGlobalSection
	GlobalSection(SolutionProperties) = preSolution
		HideSolutionNode = FALSE
	EndGlobalSection
	GlobalSection(NestedProjects) = preSolution
		{554AD327-6DBA-4F8F-96F8-81CE7A0C863F} = {CA9AC87F-097E-4F15-8393-4BC07735A5B0}
		{1A94A50E-06DC-43C1-80B5-B662820EC3EB} = {CA9AC87F-097E-4F15-8393-4BC07735A5B0}
		{C956DD76-69C8-4A9C-83EA-D17DF83340FD} = {CA9AC87F-097E-4F15-8393-4BC07735A5B0}
		{068855E8-9240-4F1A-910B-CF825794513B} = {CA9AC87F-097E-4F15-8393-4BC07735A5B0}
		{50B2631D-129C-47B3-A587-029CCD6099BC} = {04DBDB01-70F4-4E06-B468-8F87850B22BE}
		{5F1B28C6-8D0C-4155-92D0-252F7EA5F674} = {04DBDB01-70F4-4E06-B468-8F87850B22BE}
		{42F719ED-8413-4895-B5B4-5AB56079BC66} = {CA9AC87F-097E-4F15-8393-4BC07735A5B0}
		{520659C8-C734-4298-A3DA-B539DB9DFC0B} = {CA9AC87F-097E-4F15-8393-4BC07735A5B0}
		{4164BDF7-F527-4E85-9CE6-E3C2D7426A27} = {CA9AC87F-097E-4F15-8393-4BC07735A5B0}
		{3B5A0094-670D-4BB1-BFDD-61B88A8773DC} = {CA9AC87F-097E-4F15-8393-4BC07735A5B0}
		{1FE30EB9-74A9-47F5-A9F6-7B1FAB672D81} = {04DBDB01-70F4-4E06-B468-8F87850B22BE}
		{91853F21-9CD9-4132-BC29-A7D5D84FFFE7} = {04DBDB01-70F4-4E06-B468-8F87850B22BE}
		{E512F4D9-9375-480F-A2F6-A46509F9D824} = {04DBDB01-70F4-4E06-B468-8F87850B22BE}
		{EF480016-9127-4916-8735-D2466BDBC582} = {04DBDB01-70F4-4E06-B468-8F87850B22BE}
		{AA94D832-1CCC-4715-95A9-A483F23A1A5D} = {CA9AC87F-097E-4F15-8393-4BC07735A5B0}
	EndGlobalSection
	GlobalSection(ExtensibilityGlobals) = postSolution
		SolutionGuid = {28315BFD-90E7-4E14-A2EA-F3D23AF4126F}
	EndGlobalSection
EndGlobal
